
Microsoft Visual Studio Solution File, Format Version 12.00
# Visual Studio Version 17
VisualStudioVersion = 17.0.32014.148
MinimumVisualStudioVersion = 10.0.40219.1
Project("{FAE04EC0-301F-11D3-BF4B-00C04F79EFBC}") = "HRwflow", "HRwflow.csproj", "{4E727C63-97E9-4C7A-97CB-537E541C437E}"
EndProject
Global
	GlobalSection(SolutionConfigurationPlatforms) = preSolution
		Debug|Any CPU = Debug|Any CPU
		Release|Any CPU = Release|Any CPU
	EndGlobalSection
	GlobalSection(ProjectConfigurationPlatforms) = postSolution
		{4E727C63-97E9-4C7A-97CB-537E541C437E}.Debug|Any CPU.ActiveCfg = Debug|Any CPU
		{4E727C63-97E9-4C7A-97CB-537E541C437E}.Debug|Any CPU.Build.0 = Debug|Any CPU
		{4E727C63-97E9-4C7A-97CB-537E541C437E}.Release|Any CPU.ActiveCfg = Release|Any CPU
		{4E727C63-97E9-4C7A-97CB-537E541C437E}.Release|Any CPU.Build.0 = Release|Any CPU
	EndGlobalSection
	GlobalSection(SolutionProperties) = preSolution
		HideSolutionNode = FALSE
	EndGlobalSection
	GlobalSection(ExtensibilityGlobals) = postSolution
		SolutionGuid = {21651828-3BD1-41E5-B7C7-58DE52B8D854}
	EndGlobalSection
EndGlobal
